// !$*UTF8*$!
{
	archiveVersion = 1;
	classes = {
	};
	objectVersion = 77;
	objects = {

/* Begin PBXBuildFile section */
		25D8D0B32EB01F9200510E25 /* WidgetKit.framework in Frameworks */ = {isa = PBXBuildFile; fileRef = 25D8D0B22EB01F9200510E25 /* WidgetKit.framework */; };
		25D8D0B52EB01F9200510E25 /* SwiftUI.framework in Frameworks */ = {isa = PBXBuildFile; fileRef = 25D8D0B42EB01F9200510E25 /* SwiftUI.framework */; };
		25D8D0C02EB01F9300510E25 /* ReadingSessionActivityExtension.appex in Embed Foundation Extensions */ = {isa = PBXBuildFile; fileRef = 25D8D0B12EB01F9200510E25 /* ReadingSessionActivityExtension.appex */; settings = {ATTRIBUTES = (RemoveHeadersOnCopy, ); }; };
		25D8D0C72EB0201600510E25 /* SessionAtributes.swift in Sources */ = {isa = PBXBuildFile; fileRef = 25D8D0C62EB0200700510E25 /* SessionAtributes.swift */; };
		25D8D0C82EB0201600510E25 /* SessionAtributes.swift in Sources */ = {isa = PBXBuildFile; fileRef = 25D8D0C62EB0200700510E25 /* SessionAtributes.swift */; };
		25E6F5F52EAB7D3900B27CCF /* Localizable.xcstrings in Resources */ = {isa = PBXBuildFile; fileRef = 25E6F5F42EAB7D3900B27CCF /* Localizable.xcstrings */; };
		5AA7B6DA2EA55296009325E4 /* DeviceActivity.framework in Frameworks */ = {isa = PBXBuildFile; fileRef = 5AA7B6D92EA55296009325E4 /* DeviceActivity.framework */; };
		5AA7B6E22EA55296009325E4 /* FocusMonitor.appex in Embed Foundation Extensions */ = {isa = PBXBuildFile; fileRef = 5AA7B6D72EA55296009325E4 /* FocusMonitor.appex */; settings = {ATTRIBUTES = (RemoveHeadersOnCopy, ); }; };
/* End PBXBuildFile section */

/* Begin PBXContainerItemProxy section */
		25D8D0BE2EB01F9300510E25 /* PBXContainerItemProxy */ = {
			isa = PBXContainerItemProxy;
			containerPortal = 5A2948442E9FFC600018EF17 /* Project object */;
			proxyType = 1;
			remoteGlobalIDString = 25D8D0B02EB01F9200510E25;
			remoteInfo = ReadingSessionActivityExtension;
		};
		5AA7B6E02EA55296009325E4 /* PBXContainerItemProxy */ = {
			isa = PBXContainerItemProxy;
			containerPortal = 5A2948442E9FFC600018EF17 /* Project object */;
			proxyType = 1;
			remoteGlobalIDString = 5AA7B6D62EA55296009325E4;
			remoteInfo = FocusMonitor;
		};
/* End PBXContainerItemProxy section */

/* Begin PBXCopyFilesBuildPhase section */
		5AA7B6E72EA55296009325E4 /* Embed Foundation Extensions */ = {
			isa = PBXCopyFilesBuildPhase;
			buildActionMask = 2147483647;
			dstPath = "";
			dstSubfolderSpec = 13;
			files = (
				5AA7B6E22EA55296009325E4 /* FocusMonitor.appex in Embed Foundation Extensions */,
				25D8D0C02EB01F9300510E25 /* ReadingSessionActivityExtension.appex in Embed Foundation Extensions */,
			);
			name = "Embed Foundation Extensions";
			runOnlyForDeploymentPostprocessing = 0;
		};
/* End PBXCopyFilesBuildPhase section */

/* Begin PBXFileReference section */
		25D8D0B12EB01F9200510E25 /* ReadingSessionActivityExtension.appex */ = {isa = PBXFileReference; explicitFileType = "wrapper.app-extension"; includeInIndex = 0; path = ReadingSessionActivityExtension.appex; sourceTree = BUILT_PRODUCTS_DIR; };
		25D8D0B22EB01F9200510E25 /* WidgetKit.framework */ = {isa = PBXFileReference; lastKnownFileType = wrapper.framework; name = WidgetKit.framework; path = System/Library/Frameworks/WidgetKit.framework; sourceTree = SDKROOT; };
		25D8D0B42EB01F9200510E25 /* SwiftUI.framework */ = {isa = PBXFileReference; lastKnownFileType = wrapper.framework; name = SwiftUI.framework; path = System/Library/Frameworks/SwiftUI.framework; sourceTree = SDKROOT; };
		25D8D0C62EB0200700510E25 /* SessionAtributes.swift */ = {isa = PBXFileReference; lastKnownFileType = sourcecode.swift; path = SessionAtributes.swift; sourceTree = "<group>"; };
		25E6F5F42EAB7D3900B27CCF /* Localizable.xcstrings */ = {isa = PBXFileReference; lastKnownFileType = text.json.xcstrings; path = Localizable.xcstrings; sourceTree = "<group>"; };
		5A29484C2E9FFC600018EF17 /* BookApp.app */ = {isa = PBXFileReference; explicitFileType = wrapper.application; includeInIndex = 0; path = BookApp.app; sourceTree = BUILT_PRODUCTS_DIR; };
		5AA7B6D22EA5511D009325E4 /* BookApp.entitlements */ = {isa = PBXFileReference; lastKnownFileType = text.plist.entitlements; path = BookApp.entitlements; sourceTree = "<group>"; };
		5AA7B6D72EA55296009325E4 /* FocusMonitor.appex */ = {isa = PBXFileReference; explicitFileType = "wrapper.app-extension"; includeInIndex = 0; path = FocusMonitor.appex; sourceTree = BUILT_PRODUCTS_DIR; };
		5AA7B6D92EA55296009325E4 /* DeviceActivity.framework */ = {isa = PBXFileReference; lastKnownFileType = wrapper.framework; name = DeviceActivity.framework; path = System/Library/Frameworks/DeviceActivity.framework; sourceTree = SDKROOT; };
/* End PBXFileReference section */

/* Begin PBXFileSystemSynchronizedBuildFileExceptionSet section */
		25D8D0C42EB01F9300510E25 /* Exceptions for "ReadingSessionActivity" folder in "ReadingSessionActivityExtension" target */ = {
			isa = PBXFileSystemSynchronizedBuildFileExceptionSet;
			membershipExceptions = (
				Info.plist,
			);
			target = 25D8D0B02EB01F9200510E25 /* ReadingSessionActivityExtension */;
		};
		5AA00CBD2EA63668004F00E8 /* Exceptions for "BookApp" folder in "BookApp" target */ = {
			isa = PBXFileSystemSynchronizedBuildFileExceptionSet;
			membershipExceptions = (
				Info.plist,
			);
			target = 5A29484B2E9FFC600018EF17 /* BookApp */;
		};
		5AA7B6E32EA55296009325E4 /* Exceptions for "FocusMonitor" folder in "FocusMonitor" target */ = {
			isa = PBXFileSystemSynchronizedBuildFileExceptionSet;
			membershipExceptions = (
				Info.plist,
			);
			target = 5AA7B6D62EA55296009325E4 /* FocusMonitor */;
		};
/* End PBXFileSystemSynchronizedBuildFileExceptionSet section */

/* Begin PBXFileSystemSynchronizedRootGroup section */
		25D8D0B62EB01F9200510E25 /* ReadingSessionActivity */ = {
			isa = PBXFileSystemSynchronizedRootGroup;
			exceptions = (
				25D8D0C42EB01F9300510E25 /* Exceptions for "ReadingSessionActivity" folder in "ReadingSessionActivityExtension" target */,
			);
			path = ReadingSessionActivity;
			sourceTree = "<group>";
		};
		5A29484E2E9FFC600018EF17 /* BookApp */ = {
			isa = PBXFileSystemSynchronizedRootGroup;
			exceptions = (
				5AA00CBD2EA63668004F00E8 /* Exceptions for "BookApp" folder in "BookApp" target */,
			);
			path = BookApp;
			sourceTree = "<group>";
		};
		5AA7B6DB2EA55296009325E4 /* FocusMonitor */ = {
			isa = PBXFileSystemSynchronizedRootGroup;
			exceptions = (
				5AA7B6E32EA55296009325E4 /* Exceptions for "FocusMonitor" folder in "FocusMonitor" target */,
			);
			path = FocusMonitor;
			sourceTree = "<group>";
		};
/* End PBXFileSystemSynchronizedRootGroup section */

/* Begin PBXFrameworksBuildPhase section */
		25D8D0AE2EB01F9200510E25 /* Frameworks */ = {
			isa = PBXFrameworksBuildPhase;
			buildActionMask = 2147483647;
			files = (
				25D8D0B52EB01F9200510E25 /* SwiftUI.framework in Frameworks */,
				25D8D0B32EB01F9200510E25 /* WidgetKit.framework in Frameworks */,
			);
			runOnlyForDeploymentPostprocessing = 0;
		};
		5A2948492E9FFC600018EF17 /* Frameworks */ = {
			isa = PBXFrameworksBuildPhase;
			buildActionMask = 2147483647;
			files = (
			);
			runOnlyForDeploymentPostprocessing = 0;
		};
		5AA7B6D42EA55296009325E4 /* Frameworks */ = {
			isa = PBXFrameworksBuildPhase;
			buildActionMask = 2147483647;
			files = (
				5AA7B6DA2EA55296009325E4 /* DeviceActivity.framework in Frameworks */,
			);
			runOnlyForDeploymentPostprocessing = 0;
		};
/* End PBXFrameworksBuildPhase section */

/* Begin PBXGroup section */
		25D8D0C52EB01FCE00510E25 /* Shared */ = {
			isa = PBXGroup;
			children = (
				25D8D0C62EB0200700510E25 /* SessionAtributes.swift */,
			);
			path = Shared;
			sourceTree = "<group>";
		};
		5A2948432E9FFC600018EF17 = {
			isa = PBXGroup;
			children = (
				25D8D0C52EB01FCE00510E25 /* Shared */,
				25E6F5F42EAB7D3900B27CCF /* Localizable.xcstrings */,
				5AA7B6D22EA5511D009325E4 /* BookApp.entitlements */,
				5A29484E2E9FFC600018EF17 /* BookApp */,
				5AA7B6DB2EA55296009325E4 /* FocusMonitor */,
				25D8D0B62EB01F9200510E25 /* ReadingSessionActivity */,
				5AA7B6D82EA55296009325E4 /* Frameworks */,
				5A29484D2E9FFC600018EF17 /* Products */,
			);
			sourceTree = "<group>";
		};
		5A29484D2E9FFC600018EF17 /* Products */ = {
			isa = PBXGroup;
			children = (
				5A29484C2E9FFC600018EF17 /* BookApp.app */,
				5AA7B6D72EA55296009325E4 /* FocusMonitor.appex */,
				25D8D0B12EB01F9200510E25 /* ReadingSessionActivityExtension.appex */,
			);
			name = Products;
			sourceTree = "<group>";
		};
		5AA7B6D82EA55296009325E4 /* Frameworks */ = {
			isa = PBXGroup;
			children = (
				5AA7B6D92EA55296009325E4 /* DeviceActivity.framework */,
				25D8D0B22EB01F9200510E25 /* WidgetKit.framework */,
				25D8D0B42EB01F9200510E25 /* SwiftUI.framework */,
			);
			name = Frameworks;
			sourceTree = "<group>";
		};
/* End PBXGroup section */

/* Begin PBXNativeTarget section */
		25D8D0B02EB01F9200510E25 /* ReadingSessionActivityExtension */ = {
			isa = PBXNativeTarget;
			buildConfigurationList = 25D8D0C32EB01F9300510E25 /* Build configuration list for PBXNativeTarget "ReadingSessionActivityExtension" */;
			buildPhases = (
				25D8D0AD2EB01F9200510E25 /* Sources */,
				25D8D0AE2EB01F9200510E25 /* Frameworks */,
				25D8D0AF2EB01F9200510E25 /* Resources */,
			);
			buildRules = (
			);
			dependencies = (
			);
			fileSystemSynchronizedGroups = (
				25D8D0B62EB01F9200510E25 /* ReadingSessionActivity */,
			);
			name = ReadingSessionActivityExtension;
			packageProductDependencies = (
			);
			productName = ReadingSessionActivityExtension;
			productReference = 25D8D0B12EB01F9200510E25 /* ReadingSessionActivityExtension.appex */;
			productType = "com.apple.product-type.app-extension";
		};
		5A29484B2E9FFC600018EF17 /* BookApp */ = {
			isa = PBXNativeTarget;
			buildConfigurationList = 5A2948572E9FFC610018EF17 /* Build configuration list for PBXNativeTarget "BookApp" */;
			buildPhases = (
				5A2948482E9FFC600018EF17 /* Sources */,
				5A2948492E9FFC600018EF17 /* Frameworks */,
				5A29484A2E9FFC600018EF17 /* Resources */,
				5AA7B6E72EA55296009325E4 /* Embed Foundation Extensions */,
			);
			buildRules = (
			);
			dependencies = (
				5AA7B6E12EA55296009325E4 /* PBXTargetDependency */,
				25D8D0BF2EB01F9300510E25 /* PBXTargetDependency */,
			);
			fileSystemSynchronizedGroups = (
				5A29484E2E9FFC600018EF17 /* BookApp */,
			);
			name = BookApp;
			packageProductDependencies = (
			);
			productName = BookApp;
			productReference = 5A29484C2E9FFC600018EF17 /* BookApp.app */;
			productType = "com.apple.product-type.application";
		};
		5AA7B6D62EA55296009325E4 /* FocusMonitor */ = {
			isa = PBXNativeTarget;
			buildConfigurationList = 5AA7B6E42EA55296009325E4 /* Build configuration list for PBXNativeTarget "FocusMonitor" */;
			buildPhases = (
				5AA7B6D32EA55296009325E4 /* Sources */,
				5AA7B6D42EA55296009325E4 /* Frameworks */,
				5AA7B6D52EA55296009325E4 /* Resources */,
			);
			buildRules = (
			);
			dependencies = (
			);
			fileSystemSynchronizedGroups = (
				5AA7B6DB2EA55296009325E4 /* FocusMonitor */,
			);
			name = FocusMonitor;
			packageProductDependencies = (
			);
			productName = FocusMonitor;
			productReference = 5AA7B6D72EA55296009325E4 /* FocusMonitor.appex */;
			productType = "com.apple.product-type.app-extension";
		};
/* End PBXNativeTarget section */

/* Begin PBXProject section */
		5A2948442E9FFC600018EF17 /* Project object */ = {
			isa = PBXProject;
			attributes = {
				BuildIndependentTargetsInParallel = 1;
				LastSwiftUpdateCheck = 2600;
				LastUpgradeCheck = 2600;
				TargetAttributes = {
					25D8D0B02EB01F9200510E25 = {
						CreatedOnToolsVersion = 26.0.1;
					};
					5A29484B2E9FFC600018EF17 = {
						CreatedOnToolsVersion = 26.0.1;
					};
					5AA7B6D62EA55296009325E4 = {
						CreatedOnToolsVersion = 26.0.1;
					};
				};
			};
			buildConfigurationList = 5A2948472E9FFC600018EF17 /* Build configuration list for PBXProject "BookApp" */;
			developmentRegion = en;
			hasScannedForEncodings = 0;
			knownRegions = (
				en,
				Base,
				"pt-BR",
				it,
				"fa-IR",
				hi,
			);
			mainGroup = 5A2948432E9FFC600018EF17;
			minimizedProjectReferenceProxies = 1;
			preferredProjectObjectVersion = 77;
			productRefGroup = 5A29484D2E9FFC600018EF17 /* Products */;
			projectDirPath = "";
			projectRoot = "";
			targets = (
				5A29484B2E9FFC600018EF17 /* BookApp */,
				5AA7B6D62EA55296009325E4 /* FocusMonitor */,
				25D8D0B02EB01F9200510E25 /* ReadingSessionActivityExtension */,
			);
		};
/* End PBXProject section */

/* Begin PBXResourcesBuildPhase section */
		25D8D0AF2EB01F9200510E25 /* Resources */ = {
			isa = PBXResourcesBuildPhase;
			buildActionMask = 2147483647;
			files = (
			);
			runOnlyForDeploymentPostprocessing = 0;
		};
		5A29484A2E9FFC600018EF17 /* Resources */ = {
			isa = PBXResourcesBuildPhase;
			buildActionMask = 2147483647;
			files = (
				25E6F5F52EAB7D3900B27CCF /* Localizable.xcstrings in Resources */,
			);
			runOnlyForDeploymentPostprocessing = 0;
		};
		5AA7B6D52EA55296009325E4 /* Resources */ = {
			isa = PBXResourcesBuildPhase;
			buildActionMask = 2147483647;
			files = (
			);
			runOnlyForDeploymentPostprocessing = 0;
		};
/* End PBXResourcesBuildPhase section */

/* Begin PBXSourcesBuildPhase section */
		25D8D0AD2EB01F9200510E25 /* Sources */ = {
			isa = PBXSourcesBuildPhase;
			buildActionMask = 2147483647;
			files = (
				25D8D0C82EB0201600510E25 /* SessionAtributes.swift in Sources */,
			);
			runOnlyForDeploymentPostprocessing = 0;
		};
		5A2948482E9FFC600018EF17 /* Sources */ = {
			isa = PBXSourcesBuildPhase;
			buildActionMask = 2147483647;
			files = (
				25D8D0C72EB0201600510E25 /* SessionAtributes.swift in Sources */,
			);
			runOnlyForDeploymentPostprocessing = 0;
		};
		5AA7B6D32EA55296009325E4 /* Sources */ = {
			isa = PBXSourcesBuildPhase;
			buildActionMask = 2147483647;
			files = (
			);
			runOnlyForDeploymentPostprocessing = 0;
		};
/* End PBXSourcesBuildPhase section */

/* Begin PBXTargetDependency section */
		25D8D0BF2EB01F9300510E25 /* PBXTargetDependency */ = {
			isa = PBXTargetDependency;
			target = 25D8D0B02EB01F9200510E25 /* ReadingSessionActivityExtension */;
			targetProxy = 25D8D0BE2EB01F9300510E25 /* PBXContainerItemProxy */;
		};
		5AA7B6E12EA55296009325E4 /* PBXTargetDependency */ = {
			isa = PBXTargetDependency;
			target = 5AA7B6D62EA55296009325E4 /* FocusMonitor */;
			targetProxy = 5AA7B6E02EA55296009325E4 /* PBXContainerItemProxy */;
		};
/* End PBXTargetDependency section */

/* Begin XCBuildConfiguration section */
		25D8D0C12EB01F9300510E25 /* Debug */ = {
			isa = XCBuildConfiguration;
			buildSettings = {
				ASSETCATALOG_COMPILER_GLOBAL_ACCENT_COLOR_NAME = AccentColor;
				ASSETCATALOG_COMPILER_WIDGET_BACKGROUND_COLOR_NAME = WidgetBackground;
				CODE_SIGN_STYLE = Automatic;
				CURRENT_PROJECT_VERSION = 1;
				DEVELOPMENT_TEAM = 792G3HW262;
				GENERATE_INFOPLIST_FILE = YES;
				INFOPLIST_FILE = ReadingSessionActivity/Info.plist;
				INFOPLIST_KEY_CFBundleDisplayName = ReadingSessionActivity;
				INFOPLIST_KEY_NSHumanReadableCopyright = "";
				LD_RUNPATH_SEARCH_PATHS = (
					"$(inherited)",
					"@executable_path/Frameworks",
					"@executable_path/../../Frameworks",
				);
				MARKETING_VERSION = 1.0;
				PRODUCT_BUNDLE_IDENTIFIER = com.caioagralemos.BookApp.ReadingSessionActivity;
				PRODUCT_NAME = "$(TARGET_NAME)";
				SKIP_INSTALL = YES;
				STRING_CATALOG_GENERATE_SYMBOLS = YES;
				SWIFT_APPROACHABLE_CONCURRENCY = YES;
				SWIFT_EMIT_LOC_STRINGS = YES;
				SWIFT_UPCOMING_FEATURE_MEMBER_IMPORT_VISIBILITY = YES;
				SWIFT_VERSION = 5.0;
				TARGETED_DEVICE_FAMILY = "1,2";
			};
			name = Debug;
		};
		25D8D0C22EB01F9300510E25 /* Release */ = {
			isa = XCBuildConfiguration;
			buildSettings = {
				ASSETCATALOG_COMPILER_GLOBAL_ACCENT_COLOR_NAME = AccentColor;
				ASSETCATALOG_COMPILER_WIDGET_BACKGROUND_COLOR_NAME = WidgetBackground;
				CODE_SIGN_STYLE = Automatic;
				CURRENT_PROJECT_VERSION = 1;
				DEVELOPMENT_TEAM = 792G3HW262;
				GENERATE_INFOPLIST_FILE = YES;
				INFOPLIST_FILE = ReadingSessionActivity/Info.plist;
				INFOPLIST_KEY_CFBundleDisplayName = ReadingSessionActivity;
				INFOPLIST_KEY_NSHumanReadableCopyright = "";
				LD_RUNPATH_SEARCH_PATHS = (
					"$(inherited)",
					"@executable_path/Frameworks",
					"@executable_path/../../Frameworks",
				);
				MARKETING_VERSION = 1.0;
				PRODUCT_BUNDLE_IDENTIFIER = com.caioagralemos.BookApp.ReadingSessionActivity;
				PRODUCT_NAME = "$(TARGET_NAME)";
				SKIP_INSTALL = YES;
				STRING_CATALOG_GENERATE_SYMBOLS = YES;
				SWIFT_APPROACHABLE_CONCURRENCY = YES;
				SWIFT_EMIT_LOC_STRINGS = YES;
				SWIFT_UPCOMING_FEATURE_MEMBER_IMPORT_VISIBILITY = YES;
				SWIFT_VERSION = 5.0;
				TARGETED_DEVICE_FAMILY = "1,2";
			};
			name = Release;
		};
		5A2948552E9FFC610018EF17 /* Debug */ = {
			isa = XCBuildConfiguration;
			buildSettings = {
				ALWAYS_SEARCH_USER_PATHS = NO;
				ASSETCATALOG_COMPILER_GENERATE_SWIFT_ASSET_SYMBOL_EXTENSIONS = YES;
				CLANG_ANALYZER_NONNULL = YES;
				CLANG_ANALYZER_NUMBER_OBJECT_CONVERSION = YES_AGGRESSIVE;
				CLANG_CXX_LANGUAGE_STANDARD = "gnu++20";
				CLANG_ENABLE_MODULES = YES;
				CLANG_ENABLE_OBJC_ARC = YES;
				CLANG_ENABLE_OBJC_WEAK = YES;
				CLANG_WARN_BLOCK_CAPTURE_AUTORELEASING = YES;
				CLANG_WARN_BOOL_CONVERSION = YES;
				CLANG_WARN_COMMA = YES;
				CLANG_WARN_CONSTANT_CONVERSION = YES;
				CLANG_WARN_DEPRECATED_OBJC_IMPLEMENTATIONS = YES;
				CLANG_WARN_DIRECT_OBJC_ISA_USAGE = YES_ERROR;
				CLANG_WARN_DOCUMENTATION_COMMENTS = YES;
				CLANG_WARN_EMPTY_BODY = YES;
				CLANG_WARN_ENUM_CONVERSION = YES;
				CLANG_WARN_INFINITE_RECURSION = YES;
				CLANG_WARN_INT_CONVERSION = YES;
				CLANG_WARN_NON_LITERAL_NULL_CONVERSION = YES;
				CLANG_WARN_OBJC_IMPLICIT_RETAIN_SELF = YES;
				CLANG_WARN_OBJC_LITERAL_CONVERSION = YES;
				CLANG_WARN_OBJC_ROOT_CLASS = YES_ERROR;
				CLANG_WARN_QUOTED_INCLUDE_IN_FRAMEWORK_HEADER = YES;
				CLANG_WARN_RANGE_LOOP_ANALYSIS = YES;
				CLANG_WARN_STRICT_PROTOTYPES = YES;
				CLANG_WARN_SUSPICIOUS_MOVE = YES;
				CLANG_WARN_UNGUARDED_AVAILABILITY = YES_AGGRESSIVE;
				CLANG_WARN_UNREACHABLE_CODE = YES;
				CLANG_WARN__DUPLICATE_METHOD_MATCH = YES;
				COPY_PHASE_STRIP = NO;
				DEBUG_INFORMATION_FORMAT = dwarf;
				DEVELOPMENT_TEAM = 7S46BZ3VR4;
				ENABLE_STRICT_OBJC_MSGSEND = YES;
				ENABLE_TESTABILITY = YES;
				ENABLE_USER_SCRIPT_SANDBOXING = YES;
				GCC_C_LANGUAGE_STANDARD = gnu17;
				GCC_DYNAMIC_NO_PIC = NO;
				GCC_NO_COMMON_BLOCKS = YES;
				GCC_OPTIMIZATION_LEVEL = 0;
				GCC_PREPROCESSOR_DEFINITIONS = (
					"DEBUG=1",
					"$(inherited)",
				);
				GCC_WARN_64_TO_32_BIT_CONVERSION = YES;
				GCC_WARN_ABOUT_RETURN_TYPE = YES_ERROR;
				GCC_WARN_UNDECLARED_SELECTOR = YES;
				GCC_WARN_UNINITIALIZED_AUTOS = YES_AGGRESSIVE;
				GCC_WARN_UNUSED_FUNCTION = YES;
				GCC_WARN_UNUSED_VARIABLE = YES;
				IPHONEOS_DEPLOYMENT_TARGET = 26.0;
				LOCALIZATION_PREFERS_STRING_CATALOGS = YES;
				MTL_ENABLE_DEBUG_INFO = INCLUDE_SOURCE;
				MTL_FAST_MATH = YES;
				ONLY_ACTIVE_ARCH = YES;
				SDKROOT = iphoneos;
				SWIFT_ACTIVE_COMPILATION_CONDITIONS = "DEBUG $(inherited)";
				SWIFT_EMIT_LOC_STRINGS = YES;
				SWIFT_OPTIMIZATION_LEVEL = "-Onone";
			};
			name = Debug;
		};
		5A2948562E9FFC610018EF17 /* Release */ = {
			isa = XCBuildConfiguration;
			buildSettings = {
				ALWAYS_SEARCH_USER_PATHS = NO;
				ASSETCATALOG_COMPILER_GENERATE_SWIFT_ASSET_SYMBOL_EXTENSIONS = YES;
				CLANG_ANALYZER_NONNULL = YES;
				CLANG_ANALYZER_NUMBER_OBJECT_CONVERSION = YES_AGGRESSIVE;
				CLANG_CXX_LANGUAGE_STANDARD = "gnu++20";
				CLANG_ENABLE_MODULES = YES;
				CLANG_ENABLE_OBJC_ARC = YES;
				CLANG_ENABLE_OBJC_WEAK = YES;
				CLANG_WARN_BLOCK_CAPTURE_AUTORELEASING = YES;
				CLANG_WARN_BOOL_CONVERSION = YES;
				CLANG_WARN_COMMA = YES;
				CLANG_WARN_CONSTANT_CONVERSION = YES;
				CLANG_WARN_DEPRECATED_OBJC_IMPLEMENTATIONS = YES;
				CLANG_WARN_DIRECT_OBJC_ISA_USAGE = YES_ERROR;
				CLANG_WARN_DOCUMENTATION_COMMENTS = YES;
				CLANG_WARN_EMPTY_BODY = YES;
				CLANG_WARN_ENUM_CONVERSION = YES;
				CLANG_WARN_INFINITE_RECURSION = YES;
				CLANG_WARN_INT_CONVERSION = YES;
				CLANG_WARN_NON_LITERAL_NULL_CONVERSION = YES;
				CLANG_WARN_OBJC_IMPLICIT_RETAIN_SELF = YES;
				CLANG_WARN_OBJC_LITERAL_CONVERSION = YES;
				CLANG_WARN_OBJC_ROOT_CLASS = YES_ERROR;
				CLANG_WARN_QUOTED_INCLUDE_IN_FRAMEWORK_HEADER = YES;
				CLANG_WARN_RANGE_LOOP_ANALYSIS = YES;
				CLANG_WARN_STRICT_PROTOTYPES = YES;
				CLANG_WARN_SUSPICIOUS_MOVE = YES;
				CLANG_WARN_UNGUARDED_AVAILABILITY = YES_AGGRESSIVE;
				CLANG_WARN_UNREACHABLE_CODE = YES;
				CLANG_WARN__DUPLICATE_METHOD_MATCH = YES;
				COPY_PHASE_STRIP = NO;
				DEBUG_INFORMATION_FORMAT = "dwarf-with-dsym";
				DEVELOPMENT_TEAM = 7S46BZ3VR4;
				ENABLE_NS_ASSERTIONS = NO;
				ENABLE_STRICT_OBJC_MSGSEND = YES;
				ENABLE_USER_SCRIPT_SANDBOXING = YES;
				GCC_C_LANGUAGE_STANDARD = gnu17;
				GCC_NO_COMMON_BLOCKS = YES;
				GCC_WARN_64_TO_32_BIT_CONVERSION = YES;
				GCC_WARN_ABOUT_RETURN_TYPE = YES_ERROR;
				GCC_WARN_UNDECLARED_SELECTOR = YES;
				GCC_WARN_UNINITIALIZED_AUTOS = YES_AGGRESSIVE;
				GCC_WARN_UNUSED_FUNCTION = YES;
				GCC_WARN_UNUSED_VARIABLE = YES;
				IPHONEOS_DEPLOYMENT_TARGET = 26.0;
				LOCALIZATION_PREFERS_STRING_CATALOGS = YES;
				MTL_ENABLE_DEBUG_INFO = NO;
				MTL_FAST_MATH = YES;
				SDKROOT = iphoneos;
				SWIFT_COMPILATION_MODE = wholemodule;
				SWIFT_EMIT_LOC_STRINGS = YES;
				VALIDATE_PRODUCT = YES;
			};
			name = Release;
		};
		5A2948582E9FFC610018EF17 /* Debug */ = {
			isa = XCBuildConfiguration;
			buildSettings = {
				ASSETCATALOG_COMPILER_APPICON_NAME = Mark;
				ASSETCATALOG_COMPILER_GLOBAL_ACCENT_COLOR_NAME = AccentColor;
				CODE_SIGN_ENTITLEMENTS = BookApp.entitlements;
				CODE_SIGN_STYLE = Automatic;
				CURRENT_PROJECT_VERSION = 0;
				DEVELOPMENT_TEAM = 792G3HW262;
				ENABLE_PREVIEWS = YES;
				GENERATE_INFOPLIST_FILE = YES;
				INFOPLIST_FILE = BookApp/Info.plist;
				INFOPLIST_KEY_CFBundleDisplayName = Mark;
				INFOPLIST_KEY_LSApplicationCategoryType = "public.app-category.utilities";
				INFOPLIST_KEY_NSCameraUsageDescription = "Mark needs access to your phone camera to scan your books!";
				INFOPLIST_KEY_NSSupportsLiveActivities = YES;
				INFOPLIST_KEY_UIApplicationSceneManifest_Generation = YES;
				INFOPLIST_KEY_UIApplicationSupportsIndirectInputEvents = YES;
				INFOPLIST_KEY_UILaunchScreen_Generation = YES;
				INFOPLIST_KEY_UISupportedInterfaceOrientations = UIInterfaceOrientationPortrait;
				INFOPLIST_KEY_UISupportedInterfaceOrientations_iPad = "UIInterfaceOrientationLandscapeLeft UIInterfaceOrientationLandscapeRight UIInterfaceOrientationPortrait UIInterfaceOrientationPortraitUpsideDown";
				LD_RUNPATH_SEARCH_PATHS = (
					"$(inherited)",
					"@executable_path/Frameworks",
				);
				MARKETING_VERSION = 1.0;
				PRODUCT_BUNDLE_IDENTIFIER = com.caioagralemos.BookApp;
				PRODUCT_NAME = "$(TARGET_NAME)";
				STRING_CATALOG_GENERATE_SYMBOLS = YES;
				SUPPORTED_PLATFORMS = "iphoneos iphonesimulator";
				SUPPORTS_MACCATALYST = NO;
				SWIFT_APPROACHABLE_CONCURRENCY = YES;
				SWIFT_DEFAULT_ACTOR_ISOLATION = MainActor;
				SWIFT_EMIT_LOC_STRINGS = YES;
				SWIFT_UPCOMING_FEATURE_MEMBER_IMPORT_VISIBILITY = YES;
				SWIFT_VERSION = 5.0;
				TARGETED_DEVICE_FAMILY = 1;
			};
			name = Debug;
		};
		5A2948592E9FFC610018EF17 /* Release */ = {
			isa = XCBuildConfiguration;
			buildSettings = {
				ASSETCATALOG_COMPILER_APPICON_NAME = Mark;
				ASSETCATALOG_COMPILER_GLOBAL_ACCENT_COLOR_NAME = AccentColor;
				CODE_SIGN_ENTITLEMENTS = BookApp.entitlements;
				CODE_SIGN_STYLE = Automatic;
				CURRENT_PROJECT_VERSION = 0;
				DEVELOPMENT_TEAM = 792G3HW262;
				ENABLE_PREVIEWS = YES;
				GENERATE_INFOPLIST_FILE = YES;
				INFOPLIST_FILE = BookApp/Info.plist;
				INFOPLIST_KEY_CFBundleDisplayName = Mark;
				INFOPLIST_KEY_LSApplicationCategoryType = "public.app-category.utilities";
				INFOPLIST_KEY_NSCameraUsageDescription = "Mark needs access to your phone camera to scan your books!";
				INFOPLIST_KEY_NSSupportsLiveActivities = YES;
				INFOPLIST_KEY_UIApplicationSceneManifest_Generation = YES;
				INFOPLIST_KEY_UIApplicationSupportsIndirectInputEvents = YES;
				INFOPLIST_KEY_UILaunchScreen_Generation = YES;
				INFOPLIST_KEY_UISupportedInterfaceOrientations = UIInterfaceOrientationPortrait;
				INFOPLIST_KEY_UISupportedInterfaceOrientations_iPad = "UIInterfaceOrientationLandscapeLeft UIInterfaceOrientationLandscapeRight UIInterfaceOrientationPortrait UIInterfaceOrientationPortraitUpsideDown";
				LD_RUNPATH_SEARCH_PATHS = (
					"$(inherited)",
					"@executable_path/Frameworks",
				);
				MARKETING_VERSION = 1.0;
				PRODUCT_BUNDLE_IDENTIFIER = com.caioagralemos.BookApp;
				PRODUCT_NAME = "$(TARGET_NAME)";
				STRING_CATALOG_GENERATE_SYMBOLS = YES;
				SUPPORTED_PLATFORMS = "iphoneos iphonesimulator";
				SUPPORTS_MACCATALYST = NO;
				SWIFT_APPROACHABLE_CONCURRENCY = YES;
				SWIFT_DEFAULT_ACTOR_ISOLATION = MainActor;
				SWIFT_EMIT_LOC_STRINGS = YES;
				SWIFT_UPCOMING_FEATURE_MEMBER_IMPORT_VISIBILITY = YES;
				SWIFT_VERSION = 5.0;
				TARGETED_DEVICE_FAMILY = 1;
			};
			name = Release;
		};
		5AA7B6E52EA55296009325E4 /* Debug */ = {
			isa = XCBuildConfiguration;
			buildSettings = {
				CODE_SIGN_ENTITLEMENTS = FocusMonitor/FocusMonitor.entitlements;
				CODE_SIGN_STYLE = Automatic;
				CURRENT_PROJECT_VERSION = 1;
				DEVELOPMENT_TEAM = 792G3HW262;
				GENERATE_INFOPLIST_FILE = YES;
				INFOPLIST_FILE = FocusMonitor/Info.plist;
				INFOPLIST_KEY_CFBundleDisplayName = FocusMonitor;
				INFOPLIST_KEY_NSHumanReadableCopyright = "";
				LD_RUNPATH_SEARCH_PATHS = (
					"$(inherited)",
					"@executable_path/Frameworks",
					"@executable_path/../../Frameworks",
				);
				MARKETING_VERSION = 1.0;
				PRODUCT_BUNDLE_IDENTIFIER = com.caioagralemos.BookApp.FocusMonitor;
				PRODUCT_NAME = "$(TARGET_NAME)";
				SKIP_INSTALL = YES;
				STRING_CATALOG_GENERATE_SYMBOLS = YES;
				SWIFT_APPROACHABLE_CONCURRENCY = YES;
				SWIFT_EMIT_LOC_STRINGS = YES;
				SWIFT_UPCOMING_FEATURE_MEMBER_IMPORT_VISIBILITY = YES;
				SWIFT_VERSION = 5.0;
				TARGETED_DEVICE_FAMILY = "1,2";
			};
			name = Debug;
		};
		5AA7B6E62EA55296009325E4 /* Release */ = {
			isa = XCBuildConfiguration;
			buildSettings = {
				CODE_SIGN_ENTITLEMENTS = FocusMonitor/FocusMonitor.entitlements;
				CODE_SIGN_STYLE = Automatic;
				CURRENT_PROJECT_VERSION = 1;
				DEVELOPMENT_TEAM = 792G3HW262;
				GENERATE_INFOPLIST_FILE = YES;
				INFOPLIST_FILE = FocusMonitor/Info.plist;
				INFOPLIST_KEY_CFBundleDisplayName = FocusMonitor;
				INFOPLIST_KEY_NSHumanReadableCopyright = "";
				LD_RUNPATH_SEARCH_PATHS = (
					"$(inherited)",
					"@executable_path/Frameworks",
					"@executable_path/../../Frameworks",
				);
				MARKETING_VERSION = 1.0;
				PRODUCT_BUNDLE_IDENTIFIER = com.caioagralemos.BookApp.FocusMonitor;
				PRODUCT_NAME = "$(TARGET_NAME)";
				SKIP_INSTALL = YES;
				STRING_CATALOG_GENERATE_SYMBOLS = YES;
				SWIFT_APPROACHABLE_CONCURRENCY = YES;
				SWIFT_EMIT_LOC_STRINGS = YES;
				SWIFT_UPCOMING_FEATURE_MEMBER_IMPORT_VISIBILITY = YES;
				SWIFT_VERSION = 5.0;
				TARGETED_DEVICE_FAMILY = "1,2";
			};
			name = Release;
		};
/* End XCBuildConfiguration section */

/* Begin XCConfigurationList section */
		25D8D0C32EB01F9300510E25 /* Build configuration list for PBXNativeTarget "ReadingSessionActivityExtension" */ = {
			isa = XCConfigurationList;
			buildConfigurations = (
				25D8D0C12EB01F9300510E25 /* Debug */,
				25D8D0C22EB01F9300510E25 /* Release */,
			);
			defaultConfigurationIsVisible = 0;
			defaultConfigurationName = Release;
		};
		5A2948472E9FFC600018EF17 /* Build configuration list for PBXProject "BookApp" */ = {
			isa = XCConfigurationList;
			buildConfigurations = (
				5A2948552E9FFC610018EF17 /* Debug */,
				5A2948562E9FFC610018EF17 /* Release */,
			);
			defaultConfigurationIsVisible = 0;
			defaultConfigurationName = Release;
		};
		5A2948572E9FFC610018EF17 /* Build configuration list for PBXNativeTarget "BookApp" */ = {
			isa = XCConfigurationList;
			buildConfigurations = (
				5A2948582E9FFC610018EF17 /* Debug */,
				5A2948592E9FFC610018EF17 /* Release */,
			);
			defaultConfigurationIsVisible = 0;
			defaultConfigurationName = Release;
		};
		5AA7B6E42EA55296009325E4 /* Build configuration list for PBXNativeTarget "FocusMonitor" */ = {
			isa = XCConfigurationList;
			buildConfigurations = (
				5AA7B6E52EA55296009325E4 /* Debug */,
				5AA7B6E62EA55296009325E4 /* Release */,
			);
			defaultConfigurationIsVisible = 0;
			defaultConfigurationName = Release;
		};
/* End XCConfigurationList section */
	};
	rootObject = 5A2948442E9FFC600018EF17 /* Project object */;
}
